
Microsoft Visual Studio Solution File, Format Version 12.00
# Visual Studio Version 16
VisualStudioVersion = 16.0.30804.86
MinimumVisualStudioVersion = 10.0.40219.1
Project("{FAE04EC0-301F-11D3-BF4B-00C04F79EFBC}") = "MyFirstConsoleApplication", "MyFirstConsoleApplication\MyFirstConsoleApplication.csproj", "{AE679BBA-FF11-43F6-BACD-1F7950DB8721}"
EndProject
Global
	GlobalSection(SolutionConfigurationPlatforms) = preSolution
		Debug|Any CPU = Debug|Any CPU
		Release|Any CPU = Release|Any CPU
	EndGlobalSection
	GlobalSection(ProjectConfigurationPlatforms) = postSolution
		{AE679BBA-FF11-43F6-BACD-1F7950DB8721}.Debug|Any CPU.ActiveCfg = Debug|Any CPU
		{AE679BBA-FF11-43F6-BACD-1F7950DB8721}.Debug|Any CPU.Build.0 = Debug|Any CPU
		{AE679BBA-FF11-43F6-BACD-1F7950DB8721}.Release|Any CPU.ActiveCfg = Release|Any CPU
		{AE679BBA-FF11-43F6-BACD-1F7950DB8721}.Release|Any CPU.Build.0 = Release|Any CPU
	EndGlobalSection
	GlobalSection(SolutionProperties) = preSolution
		HideSolutionNode = FALSE
	EndGlobalSection
	GlobalSection(ExtensibilityGlobals) = postSolution
		SolutionGuid = {D6531C95-64FF-43D3-A91C-706C08F1D94E}
	EndGlobalSection
EndGlobal
